
Microsoft Visual Studio Solution File, Format Version 12.00
# Visual Studio Version 16
VisualStudioVersion = 16.0.31005.135
MinimumVisualStudioVersion = 10.0.40219.1
Project("{9A19103F-16F7-4668-BE54-9A1E7A4F7556}") = "ProjetoEscola", "Escola\ProjetoEscola.csproj", "{A5A23972-35F4-4B7B-B187-324A6DAC693F}"
EndProject
Project("{9A19103F-16F7-4668-BE54-9A1E7A4F7556}") = "ProjetoEscola.Domain", "Escola.Domain\ProjetoEscola.Domain.csproj", "{DFAF627A-C7F5-4D0E-80C7-FD1F31B53702}"
EndProject
Project("{9A19103F-16F7-4668-BE54-9A1E7A4F7556}") = "ProjetoEscola.Data", "Escola.Data\ProjetoEscola.Data.csproj", "{E26759AF-B82C-41B5-91E7-DAFED7BA7859}"
EndProject
Global
	GlobalSection(SolutionConfigurationPlatforms) = preSolution
		Debug|Any CPU = Debug|Any CPU
		Release|Any CPU = Release|Any CPU
	EndGlobalSection
	GlobalSection(ProjectConfigurationPlatforms) = postSolution
		{A5A23972-35F4-4B7B-B187-324A6DAC693F}.Debug|Any CPU.ActiveCfg = Debug|Any CPU
		{A5A23972-35F4-4B7B-B187-324A6DAC693F}.Debug|Any CPU.Build.0 = Debug|Any CPU
		{A5A23972-35F4-4B7B-B187-324A6DAC693F}.Release|Any CPU.ActiveCfg = Release|Any CPU
		{A5A23972-35F4-4B7B-B187-324A6DAC693F}.Release|Any CPU.Build.0 = Release|Any CPU
		{DFAF627A-C7F5-4D0E-80C7-FD1F31B53702}.Debug|Any CPU.ActiveCfg = Debug|Any CPU
		{DFAF627A-C7F5-4D0E-80C7-FD1F31B53702}.Debug|Any CPU.Build.0 = Debug|Any CPU
		{DFAF627A-C7F5-4D0E-80C7-FD1F31B53702}.Release|Any CPU.ActiveCfg = Release|Any CPU
		{DFAF627A-C7F5-4D0E-80C7-FD1F31B53702}.Release|Any CPU.Build.0 = Release|Any CPU
		{E26759AF-B82C-41B5-91E7-DAFED7BA7859}.Debug|Any CPU.ActiveCfg = Debug|Any CPU
		{E26759AF-B82C-41B5-91E7-DAFED7BA7859}.Debug|Any CPU.Build.0 = Debug|Any CPU
		{E26759AF-B82C-41B5-91E7-DAFED7BA7859}.Release|Any CPU.ActiveCfg = Release|Any CPU
		{E26759AF-B82C-41B5-91E7-DAFED7BA7859}.Release|Any CPU.Build.0 = Release|Any CPU
	EndGlobalSection
	GlobalSection(SolutionProperties) = preSolution
		HideSolutionNode = FALSE
	EndGlobalSection
	GlobalSection(ExtensibilityGlobals) = postSolution
		SolutionGuid = {AAF57FD4-1A23-4AA9-9930-1EC05AB4181F}
	EndGlobalSection
EndGlobal
